<?xml version="1.0" encoding="utf-8"?>
<Project ToolsVersion="4.0" xmlns="http://schemas.microsoft.com/developer/msbuild/2003">
  <ItemGroup>
    <Filter Include="Исходные файлы">
      <UniqueIdentifier>{4FC737F1-C7A5-4376-A066-2A32D752A2FF}</UniqueIdentifier>
      <Extensions>cpp;c;cc;cxx;c++;cppm;ixx;def;odl;idl;hpj;bat;asm;asmx</Extensions>
    </Filter>
    <Filter Include="Файлы заголовков">
      <UniqueIdentifier>{93995380-89BD-4b04-88EB-625FBE52EBFB}</UniqueIdentifier>
      <Extensions>h;hh;hpp;hxx;h++;hm;inl;inc;ipp;xsd</Extensions>
    </Filter>
    <Filter Include="Файлы ресурсов">
      <UniqueIdentifier>{67DA6AB6-F800-4c08-8B7A-83BB121AAD01}</UniqueIdentifier>
      <Extensions>rc;ico;cur;bmp;dlg;rc2;rct;bin;rgs;gif;jpg;jpeg;jpe;resx;tiff;tif;png;wav;mfcribbon-ms</Extensions>
    </Filter>
    <Filter Include="Файлы заголовков\Render">
      <UniqueIdentifier>{56b2d7fa-a1a7-4fce-a781-66dfb9b323af}</UniqueIdentifier>
    </Filter>
    <Filter Include="Файлы заголовков\Math">
      <UniqueIdentifier>{9f199407-ce09-4721-831d-679be4a0b5d5}</UniqueIdentifier>
    </Filter>
    <Filter Include="Исходные файлы\Math">
      <UniqueIdentifier>{3a9c9e0b-b9f6-4727-bdca-6af629fe0b87}</UniqueIdentifier>
    </Filter>
    <Filter Include="Исходные файлы\Render">
      <UniqueIdentifier>{cd498567-9b65-4dcb-af1e-e46a393c4b9a}</UniqueIdentifier>
    </Filter>
  </ItemGroup>
  <ItemGroup>
    <ClCompile Include="main.cpp">
      <Filter>Исходные файлы</Filter>
    </ClCompile>
    <ClCompile Include="math\Point.cpp">
      <Filter>Исходные файлы\Math</Filter>
    </ClCompile>
    <ClCompile Include="math\Vector.cpp">
      <Filter>Исходные файлы\Math</Filter>
    </ClCompile>
    <ClCompile Include="render\Model.cpp">
      <Filter>Исходные файлы\Render</Filter>
    </ClCompile>
    <ClCompile Include="render\RenderUtils.cpp">
      <Filter>Исходные файлы\Render</Filter>
    </ClCompile>
  </ItemGroup>
  <ItemGroup>
    <ClInclude Include="math\math.h">
      <Filter>Файлы заголовков\Math</Filter>
    </ClInclude>
    <ClInclude Include="Utils.h">
      <Filter>Файлы заголовков</Filter>
    </ClInclude>
    <ClInclude Include="math\Point.h">
      <Filter>Файлы заголовков\Math</Filter>
    </ClInclude>
    <ClInclude Include="math\Vector.h">
      <Filter>Файлы заголовков\Math</Filter>
    </ClInclude>
    <ClInclude Include="render\Model.h">
      <Filter>Файлы заголовков\Render</Filter>
    </ClInclude>
    <ClInclude Include="render\RenderUtils.h">
      <Filter>Файлы заголовков\Render</Filter>
    </ClInclude>
    <ClInclude Include="render\Rotate.h">
      <Filter>Файлы заголовков\Render</Filter>
    </ClInclude>
    <ClInclude Include="render\RgbColor.h">
      <Filter>Файлы заголовков\Render</Filter>
    </ClInclude>
    <ClInclude Include="libs.h">
      <Filter>Файлы заголовков</Filter>
    </ClInclude>
  </ItemGroup>
</Project>